{
    "name": "rainy-phoenix",
    "version": "0.1.0",
    "lockfileVersion": 3,
    "requires": true,
    "packages": {
        "": {
            "name": "rainy-phoenix",
            "version": "0.1.0",
            "dependencies": {
                "@rebble/clay": "^1.0.10",
                "pebble-fctx": "^1.6.3",
                "pebble-fctx-compiler": "^1.2.2"
            }
        },
        "node_modules/@rebble/clay": {
            "version": "1.0.10",
            "license": "MIT"
        },
        "node_modules/colors": {
            "version": "1.4.0",
            "license": "MIT",
            "engines": {
                "node": ">=0.1.90"
            }
        },
        "node_modules/minimist": {
            "version": "1.2.8",
            "license": "MIT",
            "funding": {
                "url": "https://github.com/sponsors/ljharb"
            }
        },
        "node_modules/pebble-fctx": {
            "version": "1.6.5",
            "license": "MIT",
            "dependencies": {
                "pebble-utf8": "^1.0.4"
            }
        },
        "node_modules/pebble-fctx-compiler": {
            "version": "1.2.2",
            "license": "MIT",
            "dependencies": {
                "colors": "^1.1.0",
                "minimist": "^1.2.0",
                "svg-path-parser": "1.0.1",
                "underscore": "^1.8.3",
                "xml2js": "^0.4.9"
            },
            "bin": {
                "fctx-compiler": "fctx-compiler.js"
            },
            "engines": {
                "node": "*"
            }
        },
        "node_modules/pebble-utf8": {
            "version": "1.0.4",
            "license": "MIT"
        },
        "node_modules/sax": {
            "version": "1.6.0",
            "license": "BlueOak-1.0.0",
            "engines": {
                "node": ">=11.0.0"
            }
        },
        "node_modules/svg-path-parser": {
            "version": "1.0.1"
        },
        "node_modules/underscore": {
            "version": "1.13.8",
            "license": "MIT"
        },
        "node_modules/xml2js": {
            "version": "0.4.23",
            "license": "MIT",
            "dependencies": {
                "sax": ">=0.6.0",
                "xmlbuilder": "~11.0.0"
            },
            "engines": {
                "node": ">=4.0.0"
            }
        },
        "node_modules/xmlbuilder": {
            "version": "11.0.1",
            "license": "MIT",
            "engines": {
                "node": ">=4.0"
            }
        }
    }
}
